// !$*UTF8*$!
{
	archiveVersion = 1;
	classes = {
	};
	objectVersion = 50;
	objects = {

/* Begin PBXBuildFile section */
		EE4BCC262504D24E004845B1 /* main.swift in Sources */ = {isa = PBXBuildFile; fileRef = EE4BCC252504D24E004845B1 /* main.swift */; };
		EE4BCC2D2504D4E0004845B1 /* Point.swift in Sources */ = {isa = PBXBuildFile; fileRef = EE4BCC2C2504D4E0004845B1 /* Point.swift */; };
		EE4BCC2F2504D584004845B1 /* Teleporter.swift in Sources */ = {isa = PBXBuildFile; fileRef = EE4BCC2E2504D584004845B1 /* Teleporter.swift */; };
		EE4BCC312504D594004845B1 /* Input.swift in Sources */ = {isa = PBXBuildFile; fileRef = EE4BCC302504D594004845B1 /* Input.swift */; };
		EE4BCC332504D5D9004845B1 /* Nanobot.swift in Sources */ = {isa = PBXBuildFile; fileRef = EE4BCC322504D5D9004845B1 /* Nanobot.swift */; };
/* End PBXBuildFile section */

/* Begin PBXCopyFilesBuildPhase section */
		EE4BCC202504D24E004845B1 /* CopyFiles */ = {
			isa = PBXCopyFilesBuildPhase;
			buildActionMask = 2147483647;
			dstPath = /usr/share/man/man1/;
			dstSubfolderSpec = 0;
			files = (
			);
			runOnlyForDeploymentPostprocessing = 1;
		};
/* End PBXCopyFilesBuildPhase section */

/* Begin PBXFileReference section */
		EE4BCC222504D24E004845B1 /* Advent23 */ = {isa = PBXFileReference; explicitFileType = "compiled.mach-o.executable"; includeInIndex = 0; path = Advent23; sourceTree = BUILT_PRODUCTS_DIR; };
		EE4BCC252504D24E004845B1 /* main.swift */ = {isa = PBXFileReference; lastKnownFileType = sourcecode.swift; path = main.swift; sourceTree = "<group>"; };
		EE4BCC2C2504D4E0004845B1 /* Point.swift */ = {isa = PBXFileReference; lastKnownFileType = sourcecode.swift; path = Point.swift; sourceTree = "<group>"; };
		EE4BCC2E2504D584004845B1 /* Teleporter.swift */ = {isa = PBXFileReference; lastKnownFileType = sourcecode.swift; path = Teleporter.swift; sourceTree = "<group>"; };
		EE4BCC302504D594004845B1 /* Input.swift */ = {isa = PBXFileReference; lastKnownFileType = sourcecode.swift; path = Input.swift; sourceTree = "<group>"; };
		EE4BCC322504D5D9004845B1 /* Nanobot.swift */ = {isa = PBXFileReference; lastKnownFileType = sourcecode.swift; path = Nanobot.swift; sourceTree = "<group>"; };
/* End PBXFileReference section */

/* Begin PBXFrameworksBuildPhase section */
		EE4BCC1F2504D24E004845B1 /* Frameworks */ = {
			isa = PBXFrameworksBuildPhase;
			buildActionMask = 2147483647;
			files = (
			);
			runOnlyForDeploymentPostprocessing = 0;
		};
/* End PBXFrameworksBuildPhase section */

/* Begin PBXGroup section */
		EE4BCC192504D24E004845B1 = {
			isa = PBXGroup;
			children = (
				EE4BCC242504D24E004845B1 /* Advent23 */,
				EE4BCC232504D24E004845B1 /* Products */,
			);
			sourceTree = "<group>";
		};
		EE4BCC232504D24E004845B1 /* Products */ = {
			isa = PBXGroup;
			children = (
				EE4BCC222504D24E004845B1 /* Advent23 */,
			);
			name = Products;
			sourceTree = "<group>";
		};
		EE4BCC242504D24E004845B1 /* Advent23 */ = {
			isa = PBXGroup;
			children = (
				EE4BCC252504D24E004845B1 /* main.swift */,
				EE4BCC2C2504D4E0004845B1 /* Point.swift */,
				EE4BCC2E2504D584004845B1 /* Teleporter.swift */,
				EE4BCC302504D594004845B1 /* Input.swift */,
				EE4BCC322504D5D9004845B1 /* Nanobot.swift */,
			);
			path = Advent23;
			sourceTree = "<group>";
		};
/* End PBXGroup section */

/* Begin PBXNativeTarget section */
		EE4BCC212504D24E004845B1 /* Advent23 */ = {
			isa = PBXNativeTarget;
			buildConfigurationList = EE4BCC292504D24E004845B1 /* Build configuration list for PBXNativeTarget "Advent23" */;
			buildPhases = (
				EE4BCC1E2504D24E004845B1 /* Sources */,
				EE4BCC1F2504D24E004845B1 /* Frameworks */,
				EE4BCC202504D24E004845B1 /* CopyFiles */,
			);
			buildRules = (
			);
			dependencies = (
			);
			name = Advent23;
			productName = Advent23;
			productReference = EE4BCC222504D24E004845B1 /* Advent23 */;
			productType = "com.apple.product-type.tool";
		};
/* End PBXNativeTarget section */

/* Begin PBXProject section */
		EE4BCC1A2504D24E004845B1 /* Project object */ = {
			isa = PBXProject;
			attributes = {
				LastSwiftUpdateCheck = 1160;
				LastUpgradeCheck = 1160;
				ORGANIZATIONNAME = "Dragan Cecavac";
				TargetAttributes = {
					EE4BCC212504D24E004845B1 = {
						CreatedOnToolsVersion = 11.6;
					};
				};
			};
			buildConfigurationList = EE4BCC1D2504D24E004845B1 /* Build configuration list for PBXProject "Advent23" */;
			compatibilityVersion = "Xcode 9.3";
			developmentRegion = en;
			hasScannedForEncodings = 0;
			knownRegions = (
				en,
				Base,
			);
			mainGroup = EE4BCC192504D24E004845B1;
			productRefGroup = EE4BCC232504D24E004845B1 /* Products */;
			projectDirPath = "";
			projectRoot = "";
			targets = (
				EE4BCC212504D24E004845B1 /* Advent23 */,
			);
		};
/* End PBXProject section */

/* Begin PBXSourcesBuildPhase section */
		EE4BCC1E2504D24E004845B1 /* Sources */ = {
			isa = PBXSourcesBuildPhase;
			buildActionMask = 2147483647;
			files = (
				EE4BCC2F2504D584004845B1 /* Teleporter.swift in Sources */,
				EE4BCC2D2504D4E0004845B1 /* Point.swift in Sources */,
				EE4BCC312504D594004845B1 /* Input.swift in Sources */,
				EE4BCC332504D5D9004845B1 /* Nanobot.swift in Sources */,
				EE4BCC262504D24E004845B1 /* main.swift in Sources */,
			);
			runOnlyForDeploymentPostprocessing = 0;
		};
/* End PBXSourcesBuildPhase section */

/* Begin XCBuildConfiguration section */
		EE4BCC272504D24E004845B1 /* Debug */ = {
			isa = XCBuildConfiguration;
			buildSettings = {
				ALWAYS_SEARCH_USER_PATHS = NO;
				CLANG_ANALYZER_NONNULL = YES;
				CLANG_ANALYZER_NUMBER_OBJECT_CONVERSION = YES_AGGRESSIVE;
				CLANG_CXX_LANGUAGE_STANDARD = "gnu++14";
				CLANG_CXX_LIBRARY = "libc++";
				CLANG_ENABLE_MODULES = YES;
				CLANG_ENABLE_OBJC_ARC = YES;
				CLANG_ENABLE_OBJC_WEAK = YES;
				CLANG_WARN_BLOCK_CAPTURE_AUTORELEASING = YES;
				CLANG_WARN_BOOL_CONVERSION = YES;
				CLANG_WARN_COMMA = YES;
				CLANG_WARN_CONSTANT_CONVERSION = YES;
				CLANG_WARN_DEPRECATED_OBJC_IMPLEMENTATIONS = YES;
				CLANG_WARN_DIRECT_OBJC_ISA_USAGE = YES_ERROR;
				CLANG_WARN_DOCUMENTATION_COMMENTS = YES;
				CLANG_WARN_EMPTY_BODY = YES;
				CLANG_WARN_ENUM_CONVERSION = YES;
				CLANG_WARN_INFINITE_RECURSION = YES;
				CLANG_WARN_INT_CONVERSION = YES;
				CLANG_WARN_NON_LITERAL_NULL_CONVERSION = YES;
				CLANG_WARN_OBJC_IMPLICIT_RETAIN_SELF = YES;
				CLANG_WARN_OBJC_LITERAL_CONVERSION = YES;
				CLANG_WARN_OBJC_ROOT_CLASS = YES_ERROR;
				CLANG_WARN_RANGE_LOOP_ANALYSIS = YES;
				CLANG_WARN_STRICT_PROTOTYPES = YES;
				CLANG_WARN_SUSPICIOUS_MOVE = YES;
				CLANG_WARN_UNGUARDED_AVAILABILITY = YES_AGGRESSIVE;
				CLANG_WARN_UNREACHABLE_CODE = YES;
				CLANG_WARN__DUPLICATE_METHOD_MATCH = YES;
				COPY_PHASE_STRIP = NO;
				DEBUG_INFORMATION_FORMAT = dwarf;
				ENABLE_STRICT_OBJC_MSGSEND = YES;
				ENABLE_TESTABILITY = YES;
				GCC_C_LANGUAGE_STANDARD = gnu11;
				GCC_DYNAMIC_NO_PIC = NO;
				GCC_NO_COMMON_BLOCKS = YES;
				GCC_OPTIMIZATION_LEVEL = 0;
				GCC_PREPROCESSOR_DEFINITIONS = (
					"DEBUG=1",
					"$(inherited)",
				);
				GCC_WARN_64_TO_32_BIT_CONVERSION = YES;
				GCC_WARN_ABOUT_RETURN_TYPE = YES_ERROR;
				GCC_WARN_UNDECLARED_SELECTOR = YES;
				GCC_WARN_UNINITIALIZED_AUTOS = YES_AGGRESSIVE;
				GCC_WARN_UNUSED_FUNCTION = YES;
				GCC_WARN_UNUSED_VARIABLE = YES;
				MACOSX_DEPLOYMENT_TARGET = 10.15;
				MTL_ENABLE_DEBUG_INFO = INCLUDE_SOURCE;
				MTL_FAST_MATH = YES;
				ONLY_ACTIVE_ARCH = YES;
				SDKROOT = macosx;
				SWIFT_ACTIVE_COMPILATION_CONDITIONS = DEBUG;
				SWIFT_OPTIMIZATION_LEVEL = "-Onone";
			};
			name = Debug;
		};
		EE4BCC282504D24E004845B1 /* Release */ = {
			isa = XCBuildConfiguration;
			buildSettings = {
				ALWAYS_SEARCH_USER_PATHS = NO;
				CLANG_ANALYZER_NONNULL = YES;
				CLANG_ANALYZER_NUMBER_OBJECT_CONVERSION = YES_AGGRESSIVE;
				CLANG_CXX_LANGUAGE_STANDARD = "gnu++14";
				CLANG_CXX_LIBRARY = "libc++";
				CLANG_ENABLE_MODULES = YES;
				CLANG_ENABLE_OBJC_ARC = YES;
				CLANG_ENABLE_OBJC_WEAK = YES;
				CLANG_WARN_BLOCK_CAPTURE_AUTORELEASING = YES;
				CLANG_WARN_BOOL_CONVERSION = YES;
				CLANG_WARN_COMMA = YES;
				CLANG_WARN_CONSTANT_CONVERSION = YES;
				CLANG_WARN_DEPRECATED_OBJC_IMPLEMENTATIONS = YES;
				CLANG_WARN_DIRECT_OBJC_ISA_USAGE = YES_ERROR;
				CLANG_WARN_DOCUMENTATION_COMMENTS = YES;
				CLANG_WARN_EMPTY_BODY = YES;
				CLANG_WARN_ENUM_CONVERSION = YES;
				CLANG_WARN_INFINITE_RECURSION = YES;
				CLANG_WARN_INT_CONVERSION = YES;
				CLANG_WARN_NON_LITERAL_NULL_CONVERSION = YES;
				CLANG_WARN_OBJC_IMPLICIT_RETAIN_SELF = YES;
				CLANG_WARN_OBJC_LITERAL_CONVERSION = YES;
				CLANG_WARN_OBJC_ROOT_CLASS = YES_ERROR;
				CLANG_WARN_RANGE_LOOP_ANALYSIS = YES;
				CLANG_WARN_STRICT_PROTOTYPES = YES;
				CLANG_WARN_SUSPICIOUS_MOVE = YES;
				CLANG_WARN_UNGUARDED_AVAILABILITY = YES_AGGRESSIVE;
				CLANG_WARN_UNREACHABLE_CODE = YES;
				CLANG_WARN__DUPLICATE_METHOD_MATCH = YES;
				COPY_PHASE_STRIP = NO;
				DEBUG_INFORMATION_FORMAT = "dwarf-with-dsym";
				ENABLE_NS_ASSERTIONS = NO;
				ENABLE_STRICT_OBJC_MSGSEND = YES;
				GCC_C_LANGUAGE_STANDARD = gnu11;
				GCC_NO_COMMON_BLOCKS = YES;
				GCC_WARN_64_TO_32_BIT_CONVERSION = YES;
				GCC_WARN_ABOUT_RETURN_TYPE = YES_ERROR;
				GCC_WARN_UNDECLARED_SELECTOR = YES;
				GCC_WARN_UNINITIALIZED_AUTOS = YES_AGGRESSIVE;
				GCC_WARN_UNUSED_FUNCTION = YES;
				GCC_WARN_UNUSED_VARIABLE = YES;
				MACOSX_DEPLOYMENT_TARGET = 10.15;
				MTL_ENABLE_DEBUG_INFO = NO;
				MTL_FAST_MATH = YES;
				SDKROOT = macosx;
				SWIFT_COMPILATION_MODE = wholemodule;
				SWIFT_OPTIMIZATION_LEVEL = "-O";
			};
			name = Release;
		};
		EE4BCC2A2504D24E004845B1 /* Debug */ = {
			isa = XCBuildConfiguration;
			buildSettings = {
				CODE_SIGN_STYLE = Automatic;
				DEVELOPMENT_TEAM = 85ACY69BHA;
				ENABLE_HARDENED_RUNTIME = YES;
				PRODUCT_NAME = "$(TARGET_NAME)";
				SWIFT_VERSION = 5.0;
			};
			name = Debug;
		};
		EE4BCC2B2504D24E004845B1 /* Release */ = {
			isa = XCBuildConfiguration;
			buildSettings = {
				CODE_SIGN_STYLE = Automatic;
				DEVELOPMENT_TEAM = 85ACY69BHA;
				ENABLE_HARDENED_RUNTIME = YES;
				PRODUCT_NAME = "$(TARGET_NAME)";
				SWIFT_VERSION = 5.0;
			};
			name = Release;
		};
/* End XCBuildConfiguration section */

/* Begin XCConfigurationList section */
		EE4BCC1D2504D24E004845B1 /* Build configuration list for PBXProject "Advent23" */ = {
			isa = XCConfigurationList;
			buildConfigurations = (
				EE4BCC272504D24E004845B1 /* Debug */,
				EE4BCC282504D24E004845B1 /* Release */,
			);
			defaultConfigurationIsVisible = 0;
			defaultConfigurationName = Release;
		};
		EE4BCC292504D24E004845B1 /* Build configuration list for PBXNativeTarget "Advent23" */ = {
			isa = XCConfigurationList;
			buildConfigurations = (
				EE4BCC2A2504D24E004845B1 /* Debug */,
				EE4BCC2B2504D24E004845B1 /* Release */,
			);
			defaultConfigurationIsVisible = 0;
			defaultConfigurationName = Release;
		};
/* End XCConfigurationList section */
	};
	rootObject = EE4BCC1A2504D24E004845B1 /* Project object */;
}
